// !$*UTF8*$!
{
	archiveVersion = 1;
	classes = {
	};
	objectVersion = 52;
	objects = {

/* Begin PBXBuildFile section */
		2B398C472870F031001693BA /* SettingsView.swift in Sources */ = {isa = PBXBuildFile; fileRef = 2B398C462870F031001693BA /* SettingsView.swift */; };
		2B398C4A2870FAAC001693BA /* FirebaseAnalytics in Frameworks */ = {isa = PBXBuildFile; productRef = 2B398C492870FAAC001693BA /* FirebaseAnalytics */; };
		2B398C4C2870FAAC001693BA /* FirebaseAnalyticsOnDeviceConversion in Frameworks */ = {isa = PBXBuildFile; productRef = 2B398C4B2870FAAC001693BA /* FirebaseAnalyticsOnDeviceConversion */; };
		2B398C4E2870FAAC001693BA /* FirebaseAnalyticsSwift in Frameworks */ = {isa = PBXBuildFile; productRef = 2B398C4D2870FAAC001693BA /* FirebaseAnalyticsSwift */; };
		2B398C502870FAAC001693BA /* FirebaseAnalyticsWithoutAdIdSupport in Frameworks */ = {isa = PBXBuildFile; productRef = 2B398C4F2870FAAC001693BA /* FirebaseAnalyticsWithoutAdIdSupport */; };
		2B398C522870FAAC001693BA /* FirebaseAppCheck in Frameworks */ = {isa = PBXBuildFile; productRef = 2B398C512870FAAC001693BA /* FirebaseAppCheck */; };
		2B398C542870FAAC001693BA /* FirebaseAppDistribution-Beta in Frameworks */ = {isa = PBXBuildFile; productRef = 2B398C532870FAAC001693BA /* FirebaseAppDistribution-Beta */; };
		2B398C562870FAAC001693BA /* FirebaseAuth in Frameworks */ = {isa = PBXBuildFile; productRef = 2B398C552870FAAC001693BA /* FirebaseAuth */; };
		2B398C582870FAAC001693BA /* FirebaseAuthCombine-Community in Frameworks */ = {isa = PBXBuildFile; productRef = 2B398C572870FAAC001693BA /* FirebaseAuthCombine-Community */; };
		2B398C5A2870FAAC001693BA /* FirebaseCrashlytics in Frameworks */ = {isa = PBXBuildFile; productRef = 2B398C592870FAAC001693BA /* FirebaseCrashlytics */; };
		2B398C5C2870FAAC001693BA /* FirebaseDatabase in Frameworks */ = {isa = PBXBuildFile; productRef = 2B398C5B2870FAAC001693BA /* FirebaseDatabase */; };
		2B398C5E2870FAAC001693BA /* FirebaseDatabaseSwift in Frameworks */ = {isa = PBXBuildFile; productRef = 2B398C5D2870FAAC001693BA /* FirebaseDatabaseSwift */; };
		2B398C602870FAAC001693BA /* FirebaseDynamicLinks in Frameworks */ = {isa = PBXBuildFile; productRef = 2B398C5F2870FAAC001693BA /* FirebaseDynamicLinks */; };
		2B398C622870FAAC001693BA /* FirebaseFirestore in Frameworks */ = {isa = PBXBuildFile; productRef = 2B398C612870FAAC001693BA /* FirebaseFirestore */; };
		2B398C642870FAAC001693BA /* FirebaseFirestoreCombine-Community in Frameworks */ = {isa = PBXBuildFile; productRef = 2B398C632870FAAC001693BA /* FirebaseFirestoreCombine-Community */; };
		2B398C662870FAAC001693BA /* FirebaseFirestoreSwift in Frameworks */ = {isa = PBXBuildFile; productRef = 2B398C652870FAAC001693BA /* FirebaseFirestoreSwift */; };
		2B398C682870FAAC001693BA /* FirebaseFunctions in Frameworks */ = {isa = PBXBuildFile; productRef = 2B398C672870FAAC001693BA /* FirebaseFunctions */; };
		2B398C6A2870FAAC001693BA /* FirebaseFunctionsCombine-Community in Frameworks */ = {isa = PBXBuildFile; productRef = 2B398C692870FAAC001693BA /* FirebaseFunctionsCombine-Community */; };
		2B398C6C2870FAAC001693BA /* FirebaseInAppMessaging-Beta in Frameworks */ = {isa = PBXBuildFile; productRef = 2B398C6B2870FAAC001693BA /* FirebaseInAppMessaging-Beta */; };
		2B398C6E2870FAAC001693BA /* FirebaseInAppMessagingSwift-Beta in Frameworks */ = {isa = PBXBuildFile; productRef = 2B398C6D2870FAAC001693BA /* FirebaseInAppMessagingSwift-Beta */; };
		2B398C702870FAAC001693BA /* FirebaseInstallations in Frameworks */ = {isa = PBXBuildFile; productRef = 2B398C6F2870FAAC001693BA /* FirebaseInstallations */; };
		2B398C722870FAAD001693BA /* FirebaseMLModelDownloader in Frameworks */ = {isa = PBXBuildFile; productRef = 2B398C712870FAAD001693BA /* FirebaseMLModelDownloader */; };
		2B398C742870FAAD001693BA /* FirebaseMessaging in Frameworks */ = {isa = PBXBuildFile; productRef = 2B398C732870FAAD001693BA /* FirebaseMessaging */; };
		2B398C762870FAAD001693BA /* FirebasePerformance in Frameworks */ = {isa = PBXBuildFile; productRef = 2B398C752870FAAD001693BA /* FirebasePerformance */; };
		2B398C782870FAAD001693BA /* FirebaseRemoteConfig in Frameworks */ = {isa = PBXBuildFile; productRef = 2B398C772870FAAD001693BA /* FirebaseRemoteConfig */; };
		2B398C7A2870FAAD001693BA /* FirebaseRemoteConfigSwift in Frameworks */ = {isa = PBXBuildFile; productRef = 2B398C792870FAAD001693BA /* FirebaseRemoteConfigSwift */; };
		2B398C7C2870FAAD001693BA /* FirebaseStorage in Frameworks */ = {isa = PBXBuildFile; productRef = 2B398C7B2870FAAD001693BA /* FirebaseStorage */; };
		2B398C7E2870FAAD001693BA /* FirebaseStorageCombine-Community in Frameworks */ = {isa = PBXBuildFile; productRef = 2B398C7D2870FAAD001693BA /* FirebaseStorageCombine-Community */; };
		2B398C8028710080001693BA /* GoogleService-Info.plist in Resources */ = {isa = PBXBuildFile; fileRef = 2B398C7F28710080001693BA /* GoogleService-Info.plist */; };
		2B5C0190262B002300942C48 /* ColorExtension.swift in Sources */ = {isa = PBXBuildFile; fileRef = 2B5C018F262B002300942C48 /* ColorExtension.swift */; };
		2B679906265BDE5300E660A5 /* Supplements.xcdatamodeld in Sources */ = {isa = PBXBuildFile; fileRef = 2B679904265BDE5300E660A5 /* Supplements.xcdatamodeld */; };
		2B679909265BE3BC00E660A5 /* Config.xcdatamodeld in Sources */ = {isa = PBXBuildFile; fileRef = 2B679907265BE3BC00E660A5 /* Config.xcdatamodeld */; };
		2B73B3DC26262602009FC899 /* UITabBarController.swift in Sources */ = {isa = PBXBuildFile; fileRef = 2B73B3DB26262602009FC899 /* UITabBarController.swift */; };
		2B88A0FA262B361D003B2658 /* Supplements.json in Resources */ = {isa = PBXBuildFile; fileRef = 2B88A0F9262B361D003B2658 /* Supplements.json */; };
		2B88A100262B3A8E003B2658 /* Supplements.swift in Sources */ = {isa = PBXBuildFile; fileRef = 2B88A0FF262B3A8E003B2658 /* Supplements.swift */; };
		2B88A105262B3CA0003B2658 /* DataDecoder.swift in Sources */ = {isa = PBXBuildFile; fileRef = 2B88A104262B3CA0003B2658 /* DataDecoder.swift */; };
		2B9A447528562FBC00B40E7F /* VisualEffectBlur.swift in Sources */ = {isa = PBXBuildFile; fileRef = 2B9A447428562FBC00B40E7F /* VisualEffectBlur.swift */; };
		2B9EDF422868A3E90065A527 /* DoneSupplements.json in Resources */ = {isa = PBXBuildFile; fileRef = 2B9EDF412868A3E90065A527 /* DoneSupplements.json */; };
		2BAA6F3C261E252F00D42310 /* JimsLifeApp.swift in Sources */ = {isa = PBXBuildFile; fileRef = 2BAA6F3B261E252F00D42310 /* JimsLifeApp.swift */; };
		2BAA6F3E261E252F00D42310 /* MainView.swift in Sources */ = {isa = PBXBuildFile; fileRef = 2BAA6F3D261E252F00D42310 /* MainView.swift */; };
		2BAA6F40261E253000D42310 /* Assets.xcassets in Resources */ = {isa = PBXBuildFile; fileRef = 2BAA6F3F261E253000D42310 /* Assets.xcassets */; };
		2BAA6F43261E253000D42310 /* Preview Assets.xcassets in Resources */ = {isa = PBXBuildFile; fileRef = 2BAA6F42261E253000D42310 /* Preview Assets.xcassets */; };
		2BAA6F4E261E253000D42310 /* JimsLifeTests.swift in Sources */ = {isa = PBXBuildFile; fileRef = 2BAA6F4D261E253000D42310 /* JimsLifeTests.swift */; };
		2BAA6F59261E253000D42310 /* JimsLifeUITests.swift in Sources */ = {isa = PBXBuildFile; fileRef = 2BAA6F58261E253000D42310 /* JimsLifeUITests.swift */; };
		2BAA6F72261E3A0B00D42310 /* HomeView.swift in Sources */ = {isa = PBXBuildFile; fileRef = 2BAA6F71261E3A0B00D42310 /* HomeView.swift */; };
		2BAA6F7A261E3E5E00D42310 /* ProgressionView.swift in Sources */ = {isa = PBXBuildFile; fileRef = 2BAA6F79261E3E5E00D42310 /* ProgressionView.swift */; };
		2BDE501E2843FFCC00892668 /* Settings.json in Resources */ = {isa = PBXBuildFile; fileRef = 2BDE501D2843FFCC00892668 /* Settings.json */; };
/* End PBXBuildFile section */

/* Begin PBXContainerItemProxy section */
		2BAA6F4A261E253000D42310 /* PBXContainerItemProxy */ = {
			isa = PBXContainerItemProxy;
			containerPortal = 2BAA6F30261E252F00D42310 /* Project object */;
			proxyType = 1;
			remoteGlobalIDString = 2BAA6F37261E252F00D42310;
			remoteInfo = JimsLife;
		};
		2BAA6F55261E253000D42310 /* PBXContainerItemProxy */ = {
			isa = PBXContainerItemProxy;
			containerPortal = 2BAA6F30261E252F00D42310 /* Project object */;
			proxyType = 1;
			remoteGlobalIDString = 2BAA6F37261E252F00D42310;
			remoteInfo = JimsLife;
		};
/* End PBXContainerItemProxy section */

/* Begin PBXFileReference section */
		2B398C462870F031001693BA /* SettingsView.swift */ = {isa = PBXFileReference; lastKnownFileType = sourcecode.swift; path = SettingsView.swift; sourceTree = "<group>"; };
		2B398C7F28710080001693BA /* GoogleService-Info.plist */ = {isa = PBXFileReference; fileEncoding = 4; lastKnownFileType = text.plist.xml; path = "GoogleService-Info.plist"; sourceTree = "<group>"; };
		2B5C018F262B002300942C48 /* ColorExtension.swift */ = {isa = PBXFileReference; lastKnownFileType = sourcecode.swift; path = ColorExtension.swift; sourceTree = "<group>"; };
		2B679905265BDE5300E660A5 /* Supplements.xcdatamodel */ = {isa = PBXFileReference; lastKnownFileType = wrapper.xcdatamodel; path = Supplements.xcdatamodel; sourceTree = "<group>"; };
		2B679908265BE3BC00E660A5 /* Config.xcdatamodel */ = {isa = PBXFileReference; lastKnownFileType = wrapper.xcdatamodel; path = Config.xcdatamodel; sourceTree = "<group>"; };
		2B73B3DB26262602009FC899 /* UITabBarController.swift */ = {isa = PBXFileReference; lastKnownFileType = sourcecode.swift; path = UITabBarController.swift; sourceTree = "<group>"; };
		2B88A0F9262B361D003B2658 /* Supplements.json */ = {isa = PBXFileReference; lastKnownFileType = text.json; path = Supplements.json; sourceTree = "<group>"; };
		2B88A0FF262B3A8E003B2658 /* Supplements.swift */ = {isa = PBXFileReference; lastKnownFileType = sourcecode.swift; path = Supplements.swift; sourceTree = "<group>"; };
		2B88A104262B3CA0003B2658 /* DataDecoder.swift */ = {isa = PBXFileReference; lastKnownFileType = sourcecode.swift; path = DataDecoder.swift; sourceTree = "<group>"; };
		2B9A447428562FBC00B40E7F /* VisualEffectBlur.swift */ = {isa = PBXFileReference; fileEncoding = 4; lastKnownFileType = sourcecode.swift; path = VisualEffectBlur.swift; sourceTree = "<group>"; };
		2B9EDF412868A3E90065A527 /* DoneSupplements.json */ = {isa = PBXFileReference; lastKnownFileType = text.json; path = DoneSupplements.json; sourceTree = "<group>"; };
		2BAA6F38261E252F00D42310 /* JimsLife.app */ = {isa = PBXFileReference; explicitFileType = wrapper.application; includeInIndex = 0; path = JimsLife.app; sourceTree = BUILT_PRODUCTS_DIR; };
		2BAA6F3B261E252F00D42310 /* JimsLifeApp.swift */ = {isa = PBXFileReference; lastKnownFileType = sourcecode.swift; path = JimsLifeApp.swift; sourceTree = "<group>"; };
		2BAA6F3D261E252F00D42310 /* MainView.swift */ = {isa = PBXFileReference; lastKnownFileType = sourcecode.swift; path = MainView.swift; sourceTree = "<group>"; };
		2BAA6F3F261E253000D42310 /* Assets.xcassets */ = {isa = PBXFileReference; lastKnownFileType = folder.assetcatalog; path = Assets.xcassets; sourceTree = "<group>"; };
		2BAA6F42261E253000D42310 /* Preview Assets.xcassets */ = {isa = PBXFileReference; lastKnownFileType = folder.assetcatalog; path = "Preview Assets.xcassets"; sourceTree = "<group>"; };
		2BAA6F44261E253000D42310 /* Info.plist */ = {isa = PBXFileReference; lastKnownFileType = text.plist.xml; path = Info.plist; sourceTree = "<group>"; };
		2BAA6F49261E253000D42310 /* JimsLifeTests.xctest */ = {isa = PBXFileReference; explicitFileType = wrapper.cfbundle; includeInIndex = 0; path = JimsLifeTests.xctest; sourceTree = BUILT_PRODUCTS_DIR; };
		2BAA6F4D261E253000D42310 /* JimsLifeTests.swift */ = {isa = PBXFileReference; lastKnownFileType = sourcecode.swift; path = JimsLifeTests.swift; sourceTree = "<group>"; };
		2BAA6F4F261E253000D42310 /* Info.plist */ = {isa = PBXFileReference; lastKnownFileType = text.plist.xml; path = Info.plist; sourceTree = "<group>"; };
		2BAA6F54261E253000D42310 /* JimsLifeUITests.xctest */ = {isa = PBXFileReference; explicitFileType = wrapper.cfbundle; includeInIndex = 0; path = JimsLifeUITests.xctest; sourceTree = BUILT_PRODUCTS_DIR; };
		2BAA6F58261E253000D42310 /* JimsLifeUITests.swift */ = {isa = PBXFileReference; lastKnownFileType = sourcecode.swift; path = JimsLifeUITests.swift; sourceTree = "<group>"; };
		2BAA6F5A261E253000D42310 /* Info.plist */ = {isa = PBXFileReference; lastKnownFileType = text.plist.xml; path = Info.plist; sourceTree = "<group>"; };
		2BAA6F71261E3A0B00D42310 /* HomeView.swift */ = {isa = PBXFileReference; lastKnownFileType = sourcecode.swift; path = HomeView.swift; sourceTree = "<group>"; };
		2BAA6F79261E3E5E00D42310 /* ProgressionView.swift */ = {isa = PBXFileReference; lastKnownFileType = sourcecode.swift; path = ProgressionView.swift; sourceTree = "<group>"; };
		2BDE501D2843FFCC00892668 /* Settings.json */ = {isa = PBXFileReference; lastKnownFileType = text.json; path = Settings.json; sourceTree = "<group>"; };
/* End PBXFileReference section */

/* Begin PBXFrameworksBuildPhase section */
		2BAA6F35261E252F00D42310 /* Frameworks */ = {
			isa = PBXFrameworksBuildPhase;
			buildActionMask = 2147483647;
			files = (
				2B398C5C2870FAAC001693BA /* FirebaseDatabase in Frameworks */,
				2B398C6A2870FAAC001693BA /* FirebaseFunctionsCombine-Community in Frameworks */,
				2B398C622870FAAC001693BA /* FirebaseFirestore in Frameworks */,
				2B398C4E2870FAAC001693BA /* FirebaseAnalyticsSwift in Frameworks */,
				2B398C4A2870FAAC001693BA /* FirebaseAnalytics in Frameworks */,
				2B398C4C2870FAAC001693BA /* FirebaseAnalyticsOnDeviceConversion in Frameworks */,
				2B398C722870FAAD001693BA /* FirebaseMLModelDownloader in Frameworks */,
				2B398C662870FAAC001693BA /* FirebaseFirestoreSwift in Frameworks */,
				2B398C522870FAAC001693BA /* FirebaseAppCheck in Frameworks */,
				2B398C502870FAAC001693BA /* FirebaseAnalyticsWithoutAdIdSupport in Frameworks */,
				2B398C562870FAAC001693BA /* FirebaseAuth in Frameworks */,
				2B398C5A2870FAAC001693BA /* FirebaseCrashlytics in Frameworks */,
				2B398C7A2870FAAD001693BA /* FirebaseRemoteConfigSwift in Frameworks */,
				2B398C6C2870FAAC001693BA /* FirebaseInAppMessaging-Beta in Frameworks */,
				2B398C5E2870FAAC001693BA /* FirebaseDatabaseSwift in Frameworks */,
				2B398C682870FAAC001693BA /* FirebaseFunctions in Frameworks */,
				2B398C7E2870FAAD001693BA /* FirebaseStorageCombine-Community in Frameworks */,
				2B398C782870FAAD001693BA /* FirebaseRemoteConfig in Frameworks */,
				2B398C542870FAAC001693BA /* FirebaseAppDistribution-Beta in Frameworks */,
				2B398C582870FAAC001693BA /* FirebaseAuthCombine-Community in Frameworks */,
				2B398C762870FAAD001693BA /* FirebasePerformance in Frameworks */,
				2B398C6E2870FAAC001693BA /* FirebaseInAppMessagingSwift-Beta in Frameworks */,
				2B398C7C2870FAAD001693BA /* FirebaseStorage in Frameworks */,
				2B398C602870FAAC001693BA /* FirebaseDynamicLinks in Frameworks */,
				2B398C642870FAAC001693BA /* FirebaseFirestoreCombine-Community in Frameworks */,
				2B398C742870FAAD001693BA /* FirebaseMessaging in Frameworks */,
				2B398C702870FAAC001693BA /* FirebaseInstallations in Frameworks */,
			);
			runOnlyForDeploymentPostprocessing = 0;
		};
		2BAA6F46261E253000D42310 /* Frameworks */ = {
			isa = PBXFrameworksBuildPhase;
			buildActionMask = 2147483647;
			files = (
			);
			runOnlyForDeploymentPostprocessing = 0;
		};
		2BAA6F51261E253000D42310 /* Frameworks */ = {
			isa = PBXFrameworksBuildPhase;
			buildActionMask = 2147483647;
			files = (
			);
			runOnlyForDeploymentPostprocessing = 0;
		};
/* End PBXFrameworksBuildPhase section */

/* Begin PBXGroup section */
		2B5C018E262B000300942C48 /* Resources */ = {
			isa = PBXGroup;
			children = (
				2B5C018F262B002300942C48 /* ColorExtension.swift */,
			);
			path = Resources;
			sourceTree = "<group>";
		};
		2B88A0ED262B3418003B2658 /* Stores */ = {
			isa = PBXGroup;
			children = (
				2B88A0F9262B361D003B2658 /* Supplements.json */,
				2BDE501D2843FFCC00892668 /* Settings.json */,
				2B9EDF412868A3E90065A527 /* DoneSupplements.json */,
			);
			path = Stores;
			sourceTree = "<group>";
		};
		2B88A0FE262B3A5E003B2658 /* Models */ = {
			isa = PBXGroup;
			children = (
				2B9EDF3D28689C180065A527 /* Database */,
				2B9EDF3C28689C050065A527 /* Userdata */,
				2B679904265BDE5300E660A5 /* Supplements.xcdatamodeld */,
				2B679907265BE3BC00E660A5 /* Config.xcdatamodeld */,
			);
			path = Models;
			sourceTree = "<group>";
		};
		2B9EDF3C28689C050065A527 /* Userdata */ = {
			isa = PBXGroup;
			children = (
				2B88A0FF262B3A8E003B2658 /* Supplements.swift */,
			);
			path = Userdata;
			sourceTree = "<group>";
		};
		2B9EDF3D28689C180065A527 /* Database */ = {
			isa = PBXGroup;
			children = (
			);
			path = Database;
			sourceTree = "<group>";
		};
		2BAA6F2F261E252F00D42310 = {
			isa = PBXGroup;
			children = (
				2BAA6F3A261E252F00D42310 /* JimsLife */,
				2BAA6F4C261E253000D42310 /* JimsLifeTests */,
				2BAA6F57261E253000D42310 /* JimsLifeUITests */,
				2BAA6F39261E252F00D42310 /* Products */,
			);
			sourceTree = "<group>";
		};
		2BAA6F39261E252F00D42310 /* Products */ = {
			isa = PBXGroup;
			children = (
				2BAA6F38261E252F00D42310 /* JimsLife.app */,
				2BAA6F49261E253000D42310 /* JimsLifeTests.xctest */,
				2BAA6F54261E253000D42310 /* JimsLifeUITests.xctest */,
			);
			name = Products;
			sourceTree = "<group>";
		};
		2BAA6F3A261E252F00D42310 /* JimsLife */ = {
			isa = PBXGroup;
			children = (
				2B398C7F28710080001693BA /* GoogleService-Info.plist */,
				2B88A0FE262B3A5E003B2658 /* Models */,
				2B88A0ED262B3418003B2658 /* Stores */,
				2B5C018E262B000300942C48 /* Resources */,
				2BAA6F6D261E395500D42310 /* Views */,
				2BAA6F69261E26DD00D42310 /* Controllers */,
				2BAA6F3B261E252F00D42310 /* JimsLifeApp.swift */,
				2BAA6F3D261E252F00D42310 /* MainView.swift */,
				2B9A447428562FBC00B40E7F /* VisualEffectBlur.swift */,
				2BAA6F3F261E253000D42310 /* Assets.xcassets */,
				2BAA6F44261E253000D42310 /* Info.plist */,
				2BAA6F41261E253000D42310 /* Preview Content */,
				2B88A104262B3CA0003B2658 /* DataDecoder.swift */,
			);
			path = JimsLife;
			sourceTree = "<group>";
		};
		2BAA6F41261E253000D42310 /* Preview Content */ = {
			isa = PBXGroup;
			children = (
				2BAA6F42261E253000D42310 /* Preview Assets.xcassets */,
			);
			path = "Preview Content";
			sourceTree = "<group>";
		};
		2BAA6F4C261E253000D42310 /* JimsLifeTests */ = {
			isa = PBXGroup;
			children = (
				2BAA6F4D261E253000D42310 /* JimsLifeTests.swift */,
				2BAA6F4F261E253000D42310 /* Info.plist */,
			);
			path = JimsLifeTests;
			sourceTree = "<group>";
		};
		2BAA6F57261E253000D42310 /* JimsLifeUITests */ = {
			isa = PBXGroup;
			children = (
				2BAA6F58261E253000D42310 /* JimsLifeUITests.swift */,
				2BAA6F5A261E253000D42310 /* Info.plist */,
			);
			path = JimsLifeUITests;
			sourceTree = "<group>";
		};
		2BAA6F69261E26DD00D42310 /* Controllers */ = {
			isa = PBXGroup;
			children = (
				2B73B3DB26262602009FC899 /* UITabBarController.swift */,
			);
			path = Controllers;
			sourceTree = "<group>";
		};
		2BAA6F6D261E395500D42310 /* Views */ = {
			isa = PBXGroup;
			children = (
				2BAA6F71261E3A0B00D42310 /* HomeView.swift */,
				2BAA6F79261E3E5E00D42310 /* ProgressionView.swift */,
				2B398C462870F031001693BA /* SettingsView.swift */,
			);
			path = Views;
			sourceTree = "<group>";
		};
/* End PBXGroup section */

/* Begin PBXNativeTarget section */
		2BAA6F37261E252F00D42310 /* JimsLife */ = {
			isa = PBXNativeTarget;
			buildConfigurationList = 2BAA6F5D261E253000D42310 /* Build configuration list for PBXNativeTarget "JimsLife" */;
			buildPhases = (
				2BAA6F34261E252F00D42310 /* Sources */,
				2BAA6F35261E252F00D42310 /* Frameworks */,
				2BAA6F36261E252F00D42310 /* Resources */,
			);
			buildRules = (
			);
			dependencies = (
			);
			name = JimsLife;
			packageProductDependencies = (
				2B398C492870FAAC001693BA /* FirebaseAnalytics */,
				2B398C4B2870FAAC001693BA /* FirebaseAnalyticsOnDeviceConversion */,
				2B398C4D2870FAAC001693BA /* FirebaseAnalyticsSwift */,
				2B398C4F2870FAAC001693BA /* FirebaseAnalyticsWithoutAdIdSupport */,
				2B398C512870FAAC001693BA /* FirebaseAppCheck */,
				2B398C532870FAAC001693BA /* FirebaseAppDistribution-Beta */,
				2B398C552870FAAC001693BA /* FirebaseAuth */,
				2B398C572870FAAC001693BA /* FirebaseAuthCombine-Community */,
				2B398C592870FAAC001693BA /* FirebaseCrashlytics */,
				2B398C5B2870FAAC001693BA /* FirebaseDatabase */,
				2B398C5D2870FAAC001693BA /* FirebaseDatabaseSwift */,
				2B398C5F2870FAAC001693BA /* FirebaseDynamicLinks */,
				2B398C612870FAAC001693BA /* FirebaseFirestore */,
				2B398C632870FAAC001693BA /* FirebaseFirestoreCombine-Community */,
				2B398C652870FAAC001693BA /* FirebaseFirestoreSwift */,
				2B398C672870FAAC001693BA /* FirebaseFunctions */,
				2B398C692870FAAC001693BA /* FirebaseFunctionsCombine-Community */,
				2B398C6B2870FAAC001693BA /* FirebaseInAppMessaging-Beta */,
				2B398C6D2870FAAC001693BA /* FirebaseInAppMessagingSwift-Beta */,
				2B398C6F2870FAAC001693BA /* FirebaseInstallations */,
				2B398C712870FAAD001693BA /* FirebaseMLModelDownloader */,
				2B398C732870FAAD001693BA /* FirebaseMessaging */,
				2B398C752870FAAD001693BA /* FirebasePerformance */,
				2B398C772870FAAD001693BA /* FirebaseRemoteConfig */,
				2B398C792870FAAD001693BA /* FirebaseRemoteConfigSwift */,
				2B398C7B2870FAAD001693BA /* FirebaseStorage */,
				2B398C7D2870FAAD001693BA /* FirebaseStorageCombine-Community */,
			);
			productName = JimsLife;
			productReference = 2BAA6F38261E252F00D42310 /* JimsLife.app */;
			productType = "com.apple.product-type.application";
		};
		2BAA6F48261E253000D42310 /* JimsLifeTests */ = {
			isa = PBXNativeTarget;
			buildConfigurationList = 2BAA6F60261E253000D42310 /* Build configuration list for PBXNativeTarget "JimsLifeTests" */;
			buildPhases = (
				2BAA6F45261E253000D42310 /* Sources */,
				2BAA6F46261E253000D42310 /* Frameworks */,
				2BAA6F47261E253000D42310 /* Resources */,
			);
			buildRules = (
			);
			dependencies = (
				2BAA6F4B261E253000D42310 /* PBXTargetDependency */,
			);
			name = JimsLifeTests;
			productName = JimsLifeTests;
			productReference = 2BAA6F49261E253000D42310 /* JimsLifeTests.xctest */;
			productType = "com.apple.product-type.bundle.unit-test";
		};
		2BAA6F53261E253000D42310 /* JimsLifeUITests */ = {
			isa = PBXNativeTarget;
			buildConfigurationList = 2BAA6F63261E253000D42310 /* Build configuration list for PBXNativeTarget "JimsLifeUITests" */;
			buildPhases = (
				2BAA6F50261E253000D42310 /* Sources */,
				2BAA6F51261E253000D42310 /* Frameworks */,
				2BAA6F52261E253000D42310 /* Resources */,
			);
			buildRules = (
			);
			dependencies = (
				2BAA6F56261E253000D42310 /* PBXTargetDependency */,
			);
			name = JimsLifeUITests;
			productName = JimsLifeUITests;
			productReference = 2BAA6F54261E253000D42310 /* JimsLifeUITests.xctest */;
			productType = "com.apple.product-type.bundle.ui-testing";
		};
/* End PBXNativeTarget section */

/* Begin PBXProject section */
		2BAA6F30261E252F00D42310 /* Project object */ = {
			isa = PBXProject;
			attributes = {
				LastSwiftUpdateCheck = 1240;
				LastUpgradeCheck = 1240;
				TargetAttributes = {
					2BAA6F37261E252F00D42310 = {
						CreatedOnToolsVersion = 12.4;
					};
					2BAA6F48261E253000D42310 = {
						CreatedOnToolsVersion = 12.4;
						TestTargetID = 2BAA6F37261E252F00D42310;
					};
					2BAA6F53261E253000D42310 = {
						CreatedOnToolsVersion = 12.4;
						TestTargetID = 2BAA6F37261E252F00D42310;
					};
				};
			};
			buildConfigurationList = 2BAA6F33261E252F00D42310 /* Build configuration list for PBXProject "JimsLife" */;
			compatibilityVersion = "Xcode 9.3";
			developmentRegion = en;
			hasScannedForEncodings = 0;
			knownRegions = (
				en,
				Base,
			);
			mainGroup = 2BAA6F2F261E252F00D42310;
			packageReferences = (
				2B398C482870FAAC001693BA /* XCRemoteSwiftPackageReference "firebase-ios-sdk" */,
			);
			productRefGroup = 2BAA6F39261E252F00D42310 /* Products */;
			projectDirPath = "";
			projectRoot = "";
			targets = (
				2BAA6F37261E252F00D42310 /* JimsLife */,
				2BAA6F48261E253000D42310 /* JimsLifeTests */,
				2BAA6F53261E253000D42310 /* JimsLifeUITests */,
			);
		};
/* End PBXProject section */

/* Begin PBXResourcesBuildPhase section */
		2BAA6F36261E252F00D42310 /* Resources */ = {
			isa = PBXResourcesBuildPhase;
			buildActionMask = 2147483647;
			files = (
				2B88A0FA262B361D003B2658 /* Supplements.json in Resources */,
				2B9EDF422868A3E90065A527 /* DoneSupplements.json in Resources */,
				2BAA6F43261E253000D42310 /* Preview Assets.xcassets in Resources */,
				2BDE501E2843FFCC00892668 /* Settings.json in Resources */,
				2BAA6F40261E253000D42310 /* Assets.xcassets in Resources */,
				2B398C8028710080001693BA /* GoogleService-Info.plist in Resources */,
			);
			runOnlyForDeploymentPostprocessing = 0;
		};
		2BAA6F47261E253000D42310 /* Resources */ = {
			isa = PBXResourcesBuildPhase;
			buildActionMask = 2147483647;
			files = (
			);
			runOnlyForDeploymentPostprocessing = 0;
		};
		2BAA6F52261E253000D42310 /* Resources */ = {
			isa = PBXResourcesBuildPhase;
			buildActionMask = 2147483647;
			files = (
			);
			runOnlyForDeploymentPostprocessing = 0;
		};
/* End PBXResourcesBuildPhase section */

/* Begin PBXSourcesBuildPhase section */
		2BAA6F34261E252F00D42310 /* Sources */ = {
			isa = PBXSourcesBuildPhase;
			buildActionMask = 2147483647;
			files = (
				2BAA6F72261E3A0B00D42310 /* HomeView.swift in Sources */,
				2BAA6F7A261E3E5E00D42310 /* ProgressionView.swift in Sources */,
				2B9A447528562FBC00B40E7F /* VisualEffectBlur.swift in Sources */,
				2B88A100262B3A8E003B2658 /* Supplements.swift in Sources */,
				2BAA6F3E261E252F00D42310 /* MainView.swift in Sources */,
				2B88A105262B3CA0003B2658 /* DataDecoder.swift in Sources */,
				2B5C0190262B002300942C48 /* ColorExtension.swift in Sources */,
				2B73B3DC26262602009FC899 /* UITabBarController.swift in Sources */,
				2B679906265BDE5300E660A5 /* Supplements.xcdatamodeld in Sources */,
				2B398C472870F031001693BA /* SettingsView.swift in Sources */,
				2BAA6F3C261E252F00D42310 /* JimsLifeApp.swift in Sources */,
				2B679909265BE3BC00E660A5 /* Config.xcdatamodeld in Sources */,
			);
			runOnlyForDeploymentPostprocessing = 0;
		};
		2BAA6F45261E253000D42310 /* Sources */ = {
			isa = PBXSourcesBuildPhase;
			buildActionMask = 2147483647;
			files = (
				2BAA6F4E261E253000D42310 /* JimsLifeTests.swift in Sources */,
			);
			runOnlyForDeploymentPostprocessing = 0;
		};
		2BAA6F50261E253000D42310 /* Sources */ = {
			isa = PBXSourcesBuildPhase;
			buildActionMask = 2147483647;
			files = (
				2BAA6F59261E253000D42310 /* JimsLifeUITests.swift in Sources */,
			);
			runOnlyForDeploymentPostprocessing = 0;
		};
/* End PBXSourcesBuildPhase section */

/* Begin PBXTargetDependency section */
		2BAA6F4B261E253000D42310 /* PBXTargetDependency */ = {
			isa = PBXTargetDependency;
			target = 2BAA6F37261E252F00D42310 /* JimsLife */;
			targetProxy = 2BAA6F4A261E253000D42310 /* PBXContainerItemProxy */;
		};
		2BAA6F56261E253000D42310 /* PBXTargetDependency */ = {
			isa = PBXTargetDependency;
			target = 2BAA6F37261E252F00D42310 /* JimsLife */;
			targetProxy = 2BAA6F55261E253000D42310 /* PBXContainerItemProxy */;
		};
/* End PBXTargetDependency section */

/* Begin XCBuildConfiguration section */
		2BAA6F5B261E253000D42310 /* Debug */ = {
			isa = XCBuildConfiguration;
			buildSettings = {
				ALWAYS_SEARCH_USER_PATHS = NO;
				CLANG_ANALYZER_NONNULL = YES;
				CLANG_ANALYZER_NUMBER_OBJECT_CONVERSION = YES_AGGRESSIVE;
				CLANG_CXX_LANGUAGE_STANDARD = "gnu++14";
				CLANG_CXX_LIBRARY = "libc++";
				CLANG_ENABLE_MODULES = YES;
				CLANG_ENABLE_OBJC_ARC = YES;
				CLANG_ENABLE_OBJC_WEAK = YES;
				CLANG_WARN_BLOCK_CAPTURE_AUTORELEASING = YES;
				CLANG_WARN_BOOL_CONVERSION = YES;
				CLANG_WARN_COMMA = YES;
				CLANG_WARN_CONSTANT_CONVERSION = YES;
				CLANG_WARN_DEPRECATED_OBJC_IMPLEMENTATIONS = YES;
				CLANG_WARN_DIRECT_OBJC_ISA_USAGE = YES_ERROR;
				CLANG_WARN_DOCUMENTATION_COMMENTS = YES;
				CLANG_WARN_EMPTY_BODY = YES;
				CLANG_WARN_ENUM_CONVERSION = YES;
				CLANG_WARN_INFINITE_RECURSION = YES;
				CLANG_WARN_INT_CONVERSION = YES;
				CLANG_WARN_NON_LITERAL_NULL_CONVERSION = YES;
				CLANG_WARN_OBJC_IMPLICIT_RETAIN_SELF = YES;
				CLANG_WARN_OBJC_LITERAL_CONVERSION = YES;
				CLANG_WARN_OBJC_ROOT_CLASS = YES_ERROR;
				CLANG_WARN_QUOTED_INCLUDE_IN_FRAMEWORK_HEADER = YES;
				CLANG_WARN_RANGE_LOOP_ANALYSIS = YES;
				CLANG_WARN_STRICT_PROTOTYPES = YES;
				CLANG_WARN_SUSPICIOUS_MOVE = YES;
				CLANG_WARN_UNGUARDED_AVAILABILITY = YES_AGGRESSIVE;
				CLANG_WARN_UNREACHABLE_CODE = YES;
				CLANG_WARN__DUPLICATE_METHOD_MATCH = YES;
				COPY_PHASE_STRIP = NO;
				DEBUG_INFORMATION_FORMAT = dwarf;
				ENABLE_STRICT_OBJC_MSGSEND = YES;
				ENABLE_TESTABILITY = YES;
				GCC_C_LANGUAGE_STANDARD = gnu11;
				GCC_DYNAMIC_NO_PIC = NO;
				GCC_NO_COMMON_BLOCKS = YES;
				GCC_OPTIMIZATION_LEVEL = 0;
				GCC_PREPROCESSOR_DEFINITIONS = (
					"DEBUG=1",
					"$(inherited)",
				);
				GCC_WARN_64_TO_32_BIT_CONVERSION = YES;
				GCC_WARN_ABOUT_RETURN_TYPE = YES_ERROR;
				GCC_WARN_UNDECLARED_SELECTOR = YES;
				GCC_WARN_UNINITIALIZED_AUTOS = YES_AGGRESSIVE;
				GCC_WARN_UNUSED_FUNCTION = YES;
				GCC_WARN_UNUSED_VARIABLE = YES;
				IPHONEOS_DEPLOYMENT_TARGET = 15.2;
				MTL_ENABLE_DEBUG_INFO = INCLUDE_SOURCE;
				MTL_FAST_MATH = YES;
				ONLY_ACTIVE_ARCH = YES;
				SDKROOT = iphoneos;
				SWIFT_ACTIVE_COMPILATION_CONDITIONS = DEBUG;
				SWIFT_OPTIMIZATION_LEVEL = "-Onone";
			};
			name = Debug;
		};
		2BAA6F5C261E253000D42310 /* Release */ = {
			isa = XCBuildConfiguration;
			buildSettings = {
				ALWAYS_SEARCH_USER_PATHS = NO;
				CLANG_ANALYZER_NONNULL = YES;
				CLANG_ANALYZER_NUMBER_OBJECT_CONVERSION = YES_AGGRESSIVE;
				CLANG_CXX_LANGUAGE_STANDARD = "gnu++14";
				CLANG_CXX_LIBRARY = "libc++";
				CLANG_ENABLE_MODULES = YES;
				CLANG_ENABLE_OBJC_ARC = YES;
				CLANG_ENABLE_OBJC_WEAK = YES;
				CLANG_WARN_BLOCK_CAPTURE_AUTORELEASING = YES;
				CLANG_WARN_BOOL_CONVERSION = YES;
				CLANG_WARN_COMMA = YES;
				CLANG_WARN_CONSTANT_CONVERSION = YES;
				CLANG_WARN_DEPRECATED_OBJC_IMPLEMENTATIONS = YES;
				CLANG_WARN_DIRECT_OBJC_ISA_USAGE = YES_ERROR;
				CLANG_WARN_DOCUMENTATION_COMMENTS = YES;
				CLANG_WARN_EMPTY_BODY = YES;
				CLANG_WARN_ENUM_CONVERSION = YES;
				CLANG_WARN_INFINITE_RECURSION = YES;
				CLANG_WARN_INT_CONVERSION = YES;
				CLANG_WARN_NON_LITERAL_NULL_CONVERSION = YES;
				CLANG_WARN_OBJC_IMPLICIT_RETAIN_SELF = YES;
				CLANG_WARN_OBJC_LITERAL_CONVERSION = YES;
				CLANG_WARN_OBJC_ROOT_CLASS = YES_ERROR;
				CLANG_WARN_QUOTED_INCLUDE_IN_FRAMEWORK_HEADER = YES;
				CLANG_WARN_RANGE_LOOP_ANALYSIS = YES;
				CLANG_WARN_STRICT_PROTOTYPES = YES;
				CLANG_WARN_SUSPICIOUS_MOVE = YES;
				CLANG_WARN_UNGUARDED_AVAILABILITY = YES_AGGRESSIVE;
				CLANG_WARN_UNREACHABLE_CODE = YES;
				CLANG_WARN__DUPLICATE_METHOD_MATCH = YES;
				COPY_PHASE_STRIP = NO;
				DEBUG_INFORMATION_FORMAT = "dwarf-with-dsym";
				ENABLE_NS_ASSERTIONS = NO;
				ENABLE_STRICT_OBJC_MSGSEND = YES;
				GCC_C_LANGUAGE_STANDARD = gnu11;
				GCC_NO_COMMON_BLOCKS = YES;
				GCC_WARN_64_TO_32_BIT_CONVERSION = YES;
				GCC_WARN_ABOUT_RETURN_TYPE = YES_ERROR;
				GCC_WARN_UNDECLARED_SELECTOR = YES;
				GCC_WARN_UNINITIALIZED_AUTOS = YES_AGGRESSIVE;
				GCC_WARN_UNUSED_FUNCTION = YES;
				GCC_WARN_UNUSED_VARIABLE = YES;
				IPHONEOS_DEPLOYMENT_TARGET = 15.2;
				MTL_ENABLE_DEBUG_INFO = NO;
				MTL_FAST_MATH = YES;
				SDKROOT = iphoneos;
				SWIFT_COMPILATION_MODE = wholemodule;
				SWIFT_OPTIMIZATION_LEVEL = "-O";
				VALIDATE_PRODUCT = YES;
			};
			name = Release;
		};
		2BAA6F5E261E253000D42310 /* Debug */ = {
			isa = XCBuildConfiguration;
			buildSettings = {
				ASSETCATALOG_COMPILER_APPICON_NAME = AppIcon;
				ASSETCATALOG_COMPILER_GLOBAL_ACCENT_COLOR_NAME = AccentColor;
				CODE_SIGN_STYLE = Automatic;
				DEVELOPMENT_ASSET_PATHS = "\"JimsLife/Preview Content\"";
				DEVELOPMENT_TEAM = 3WYS7QAP58;
				ENABLE_PREVIEWS = YES;
				INFOPLIST_FILE = JimsLife/Info.plist;
				IPHONEOS_DEPLOYMENT_TARGET = 14.0;
				LD_RUNPATH_SEARCH_PATHS = (
					"$(inherited)",
					"@executable_path/Frameworks",
				);
				PRODUCT_BUNDLE_IDENTIFIER = dev.schnettler.JimsLife;
				PRODUCT_NAME = "$(TARGET_NAME)";
				SWIFT_VERSION = 5.0;
				TARGETED_DEVICE_FAMILY = 1;
			};
			name = Debug;
		};
		2BAA6F5F261E253000D42310 /* Release */ = {
			isa = XCBuildConfiguration;
			buildSettings = {
				ASSETCATALOG_COMPILER_APPICON_NAME = AppIcon;
				ASSETCATALOG_COMPILER_GLOBAL_ACCENT_COLOR_NAME = AccentColor;
				CODE_SIGN_STYLE = Automatic;
				DEVELOPMENT_ASSET_PATHS = "\"JimsLife/Preview Content\"";
				DEVELOPMENT_TEAM = 3WYS7QAP58;
				ENABLE_PREVIEWS = YES;
				INFOPLIST_FILE = JimsLife/Info.plist;
				IPHONEOS_DEPLOYMENT_TARGET = 14.0;
				LD_RUNPATH_SEARCH_PATHS = (
					"$(inherited)",
					"@executable_path/Frameworks",
				);
				PRODUCT_BUNDLE_IDENTIFIER = dev.schnettler.JimsLife;
				PRODUCT_NAME = "$(TARGET_NAME)";
				SWIFT_VERSION = 5.0;
				TARGETED_DEVICE_FAMILY = 1;
			};
			name = Release;
		};
		2BAA6F61261E253000D42310 /* Debug */ = {
			isa = XCBuildConfiguration;
			buildSettings = {
				ALWAYS_EMBED_SWIFT_STANDARD_LIBRARIES = YES;
				BUNDLE_LOADER = "$(TEST_HOST)";
				CODE_SIGN_STYLE = Automatic;
				DEVELOPMENT_TEAM = 3WYS7QAP58;
				INFOPLIST_FILE = JimsLifeTests/Info.plist;
				IPHONEOS_DEPLOYMENT_TARGET = 14.0;
				LD_RUNPATH_SEARCH_PATHS = (
					"$(inherited)",
					"@executable_path/Frameworks",
					"@loader_path/Frameworks",
				);
				PRODUCT_BUNDLE_IDENTIFIER = de.schnettlerapp.JimsLifeTests;
				PRODUCT_NAME = "$(TARGET_NAME)";
				SWIFT_VERSION = 5.0;
				TARGETED_DEVICE_FAMILY = "1,2";
				TEST_HOST = "$(BUILT_PRODUCTS_DIR)/JimsLife.app/JimsLife";
			};
			name = Debug;
		};
		2BAA6F62261E253000D42310 /* Release */ = {
			isa = XCBuildConfiguration;
			buildSettings = {
				ALWAYS_EMBED_SWIFT_STANDARD_LIBRARIES = YES;
				BUNDLE_LOADER = "$(TEST_HOST)";
				CODE_SIGN_STYLE = Automatic;
				DEVELOPMENT_TEAM = 3WYS7QAP58;
				INFOPLIST_FILE = JimsLifeTests/Info.plist;
				IPHONEOS_DEPLOYMENT_TARGET = 14.0;
				LD_RUNPATH_SEARCH_PATHS = (
					"$(inherited)",
					"@executable_path/Frameworks",
					"@loader_path/Frameworks",
				);
				PRODUCT_BUNDLE_IDENTIFIER = de.schnettlerapp.JimsLifeTests;
				PRODUCT_NAME = "$(TARGET_NAME)";
				SWIFT_VERSION = 5.0;
				TARGETED_DEVICE_FAMILY = "1,2";
				TEST_HOST = "$(BUILT_PRODUCTS_DIR)/JimsLife.app/JimsLife";
			};
			name = Release;
		};
		2BAA6F64261E253000D42310 /* Debug */ = {
			isa = XCBuildConfiguration;
			buildSettings = {
				ALWAYS_EMBED_SWIFT_STANDARD_LIBRARIES = YES;
				CODE_SIGN_STYLE = Automatic;
				DEVELOPMENT_TEAM = 3WYS7QAP58;
				INFOPLIST_FILE = JimsLifeUITests/Info.plist;
				LD_RUNPATH_SEARCH_PATHS = (
					"$(inherited)",
					"@executable_path/Frameworks",
					"@loader_path/Frameworks",
				);
				PRODUCT_BUNDLE_IDENTIFIER = de.schnettlerapp.JimsLifeUITests;
				PRODUCT_NAME = "$(TARGET_NAME)";
				SWIFT_VERSION = 5.0;
				TARGETED_DEVICE_FAMILY = "1,2";
				TEST_TARGET_NAME = JimsLife;
			};
			name = Debug;
		};
		2BAA6F65261E253000D42310 /* Release */ = {
			isa = XCBuildConfiguration;
			buildSettings = {
				ALWAYS_EMBED_SWIFT_STANDARD_LIBRARIES = YES;
				CODE_SIGN_STYLE = Automatic;
				DEVELOPMENT_TEAM = 3WYS7QAP58;
				INFOPLIST_FILE = JimsLifeUITests/Info.plist;
				LD_RUNPATH_SEARCH_PATHS = (
					"$(inherited)",
					"@executable_path/Frameworks",
					"@loader_path/Frameworks",
				);
				PRODUCT_BUNDLE_IDENTIFIER = de.schnettlerapp.JimsLifeUITests;
				PRODUCT_NAME = "$(TARGET_NAME)";
				SWIFT_VERSION = 5.0;
				TARGETED_DEVICE_FAMILY = "1,2";
				TEST_TARGET_NAME = JimsLife;
			};
			name = Release;
		};
/* End XCBuildConfiguration section */

/* Begin XCConfigurationList section */
		2BAA6F33261E252F00D42310 /* Build configuration list for PBXProject "JimsLife" */ = {
			isa = XCConfigurationList;
			buildConfigurations = (
				2BAA6F5B261E253000D42310 /* Debug */,
				2BAA6F5C261E253000D42310 /* Release */,
			);
			defaultConfigurationIsVisible = 0;
			defaultConfigurationName = Release;
		};
		2BAA6F5D261E253000D42310 /* Build configuration list for PBXNativeTarget "JimsLife" */ = {
			isa = XCConfigurationList;
			buildConfigurations = (
				2BAA6F5E261E253000D42310 /* Debug */,
				2BAA6F5F261E253000D42310 /* Release */,
			);
			defaultConfigurationIsVisible = 0;
			defaultConfigurationName = Release;
		};
		2BAA6F60261E253000D42310 /* Build configuration list for PBXNativeTarget "JimsLifeTests" */ = {
			isa = XCConfigurationList;
			buildConfigurations = (
				2BAA6F61261E253000D42310 /* Debug */,
				2BAA6F62261E253000D42310 /* Release */,
			);
			defaultConfigurationIsVisible = 0;
			defaultConfigurationName = Release;
		};
		2BAA6F63261E253000D42310 /* Build configuration list for PBXNativeTarget "JimsLifeUITests" */ = {
			isa = XCConfigurationList;
			buildConfigurations = (
				2BAA6F64261E253000D42310 /* Debug */,
				2BAA6F65261E253000D42310 /* Release */,
			);
			defaultConfigurationIsVisible = 0;
			defaultConfigurationName = Release;
		};
/* End XCConfigurationList section */

/* Begin XCRemoteSwiftPackageReference section */
		2B398C482870FAAC001693BA /* XCRemoteSwiftPackageReference "firebase-ios-sdk" */ = {
			isa = XCRemoteSwiftPackageReference;
			repositoryURL = "https://github.com/firebase/firebase-ios-sdk";
			requirement = {
				kind = upToNextMajorVersion;
				minimumVersion = 9.0.0;
			};
		};
/* End XCRemoteSwiftPackageReference section */

/* Begin XCSwiftPackageProductDependency section */
		2B398C492870FAAC001693BA /* FirebaseAnalytics */ = {
			isa = XCSwiftPackageProductDependency;
			package = 2B398C482870FAAC001693BA /* XCRemoteSwiftPackageReference "firebase-ios-sdk" */;
			productName = FirebaseAnalytics;
		};
		2B398C4B2870FAAC001693BA /* FirebaseAnalyticsOnDeviceConversion */ = {
			isa = XCSwiftPackageProductDependency;
			package = 2B398C482870FAAC001693BA /* XCRemoteSwiftPackageReference "firebase-ios-sdk" */;
			productName = FirebaseAnalyticsOnDeviceConversion;
		};
		2B398C4D2870FAAC001693BA /* FirebaseAnalyticsSwift */ = {
			isa = XCSwiftPackageProductDependency;
			package = 2B398C482870FAAC001693BA /* XCRemoteSwiftPackageReference "firebase-ios-sdk" */;
			productName = FirebaseAnalyticsSwift;
		};
		2B398C4F2870FAAC001693BA /* FirebaseAnalyticsWithoutAdIdSupport */ = {
			isa = XCSwiftPackageProductDependency;
			package = 2B398C482870FAAC001693BA /* XCRemoteSwiftPackageReference "firebase-ios-sdk" */;
			productName = FirebaseAnalyticsWithoutAdIdSupport;
		};
		2B398C512870FAAC001693BA /* FirebaseAppCheck */ = {
			isa = XCSwiftPackageProductDependency;
			package = 2B398C482870FAAC001693BA /* XCRemoteSwiftPackageReference "firebase-ios-sdk" */;
			productName = FirebaseAppCheck;
		};
		2B398C532870FAAC001693BA /* FirebaseAppDistribution-Beta */ = {
			isa = XCSwiftPackageProductDependency;
			package = 2B398C482870FAAC001693BA /* XCRemoteSwiftPackageReference "firebase-ios-sdk" */;
			productName = "FirebaseAppDistribution-Beta";
		};
		2B398C552870FAAC001693BA /* FirebaseAuth */ = {
			isa = XCSwiftPackageProductDependency;
			package = 2B398C482870FAAC001693BA /* XCRemoteSwiftPackageReference "firebase-ios-sdk" */;
			productName = FirebaseAuth;
		};
		2B398C572870FAAC001693BA /* FirebaseAuthCombine-Community */ = {
			isa = XCSwiftPackageProductDependency;
			package = 2B398C482870FAAC001693BA /* XCRemoteSwiftPackageReference "firebase-ios-sdk" */;
			productName = "FirebaseAuthCombine-Community";
		};
		2B398C592870FAAC001693BA /* FirebaseCrashlytics */ = {
			isa = XCSwiftPackageProductDependency;
			package = 2B398C482870FAAC001693BA /* XCRemoteSwiftPackageReference "firebase-ios-sdk" */;
			productName = FirebaseCrashlytics;
		};
		2B398C5B2870FAAC001693BA /* FirebaseDatabase */ = {
			isa = XCSwiftPackageProductDependency;
			package = 2B398C482870FAAC001693BA /* XCRemoteSwiftPackageReference "firebase-ios-sdk" */;
			productName = FirebaseDatabase;
		};
		2B398C5D2870FAAC001693BA /* FirebaseDatabaseSwift */ = {
			isa = XCSwiftPackageProductDependency;
			package = 2B398C482870FAAC001693BA /* XCRemoteSwiftPackageReference "firebase-ios-sdk" */;
			productName = FirebaseDatabaseSwift;
		};
		2B398C5F2870FAAC001693BA /* FirebaseDynamicLinks */ = {
			isa = XCSwiftPackageProductDependency;
			package = 2B398C482870FAAC001693BA /* XCRemoteSwiftPackageReference "firebase-ios-sdk" */;
			productName = FirebaseDynamicLinks;
		};
		2B398C612870FAAC001693BA /* FirebaseFirestore */ = {
			isa = XCSwiftPackageProductDependency;
			package = 2B398C482870FAAC001693BA /* XCRemoteSwiftPackageReference "firebase-ios-sdk" */;
			productName = FirebaseFirestore;
		};
		2B398C632870FAAC001693BA /* FirebaseFirestoreCombine-Community */ = {
			isa = XCSwiftPackageProductDependency;
			package = 2B398C482870FAAC001693BA /* XCRemoteSwiftPackageReference "firebase-ios-sdk" */;
			productName = "FirebaseFirestoreCombine-Community";
		};
		2B398C652870FAAC001693BA /* FirebaseFirestoreSwift */ = {
			isa = XCSwiftPackageProductDependency;
			package = 2B398C482870FAAC001693BA /* XCRemoteSwiftPackageReference "firebase-ios-sdk" */;
			productName = FirebaseFirestoreSwift;
		};
		2B398C672870FAAC001693BA /* FirebaseFunctions */ = {
			isa = XCSwiftPackageProductDependency;
			package = 2B398C482870FAAC001693BA /* XCRemoteSwiftPackageReference "firebase-ios-sdk" */;
			productName = FirebaseFunctions;
		};
		2B398C692870FAAC001693BA /* FirebaseFunctionsCombine-Community */ = {
			isa = XCSwiftPackageProductDependency;
			package = 2B398C482870FAAC001693BA /* XCRemoteSwiftPackageReference "firebase-ios-sdk" */;
			productName = "FirebaseFunctionsCombine-Community";
		};
		2B398C6B2870FAAC001693BA /* FirebaseInAppMessaging-Beta */ = {
			isa = XCSwiftPackageProductDependency;
			package = 2B398C482870FAAC001693BA /* XCRemoteSwiftPackageReference "firebase-ios-sdk" */;
			productName = "FirebaseInAppMessaging-Beta";
		};
		2B398C6D2870FAAC001693BA /* FirebaseInAppMessagingSwift-Beta */ = {
			isa = XCSwiftPackageProductDependency;
			package = 2B398C482870FAAC001693BA /* XCRemoteSwiftPackageReference "firebase-ios-sdk" */;
			productName = "FirebaseInAppMessagingSwift-Beta";
		};
		2B398C6F2870FAAC001693BA /* FirebaseInstallations */ = {
			isa = XCSwiftPackageProductDependency;
			package = 2B398C482870FAAC001693BA /* XCRemoteSwiftPackageReference "firebase-ios-sdk" */;
			productName = FirebaseInstallations;
		};
		2B398C712870FAAD001693BA /* FirebaseMLModelDownloader */ = {
			isa = XCSwiftPackageProductDependency;
			package = 2B398C482870FAAC001693BA /* XCRemoteSwiftPackageReference "firebase-ios-sdk" */;
			productName = FirebaseMLModelDownloader;
		};
		2B398C732870FAAD001693BA /* FirebaseMessaging */ = {
			isa = XCSwiftPackageProductDependency;
			package = 2B398C482870FAAC001693BA /* XCRemoteSwiftPackageReference "firebase-ios-sdk" */;
			productName = FirebaseMessaging;
		};
		2B398C752870FAAD001693BA /* FirebasePerformance */ = {
			isa = XCSwiftPackageProductDependency;
			package = 2B398C482870FAAC001693BA /* XCRemoteSwiftPackageReference "firebase-ios-sdk" */;
			productName = FirebasePerformance;
		};
		2B398C772870FAAD001693BA /* FirebaseRemoteConfig */ = {
			isa = XCSwiftPackageProductDependency;
			package = 2B398C482870FAAC001693BA /* XCRemoteSwiftPackageReference "firebase-ios-sdk" */;
			productName = FirebaseRemoteConfig;
		};
		2B398C792870FAAD001693BA /* FirebaseRemoteConfigSwift */ = {
			isa = XCSwiftPackageProductDependency;
			package = 2B398C482870FAAC001693BA /* XCRemoteSwiftPackageReference "firebase-ios-sdk" */;
			productName = FirebaseRemoteConfigSwift;
		};
		2B398C7B2870FAAD001693BA /* FirebaseStorage */ = {
			isa = XCSwiftPackageProductDependency;
			package = 2B398C482870FAAC001693BA /* XCRemoteSwiftPackageReference "firebase-ios-sdk" */;
			productName = FirebaseStorage;
		};
		2B398C7D2870FAAD001693BA /* FirebaseStorageCombine-Community */ = {
			isa = XCSwiftPackageProductDependency;
			package = 2B398C482870FAAC001693BA /* XCRemoteSwiftPackageReference "firebase-ios-sdk" */;
			productName = "FirebaseStorageCombine-Community";
		};
/* End XCSwiftPackageProductDependency section */

/* Begin XCVersionGroup section */
		2B679904265BDE5300E660A5 /* Supplements.xcdatamodeld */ = {
			isa = XCVersionGroup;
			children = (
				2B679905265BDE5300E660A5 /* Supplements.xcdatamodel */,
			);
			currentVersion = 2B679905265BDE5300E660A5 /* Supplements.xcdatamodel */;
			path = Supplements.xcdatamodeld;
			sourceTree = "<group>";
			versionGroupType = wrapper.xcdatamodel;
		};
		2B679907265BE3BC00E660A5 /* Config.xcdatamodeld */ = {
			isa = XCVersionGroup;
			children = (
				2B679908265BE3BC00E660A5 /* Config.xcdatamodel */,
			);
			currentVersion = 2B679908265BE3BC00E660A5 /* Config.xcdatamodel */;
			path = Config.xcdatamodeld;
			sourceTree = "<group>";
			versionGroupType = wrapper.xcdatamodel;
		};
/* End XCVersionGroup section */
	};
	rootObject = 2BAA6F30261E252F00D42310 /* Project object */;
}
